
Microsoft Visual Studio Solution File, Format Version 12.00
# Visual Studio Version 17
VisualStudioVersion = 17.1.32210.238
MinimumVisualStudioVersion = 10.0.40219.1
Project("{FAE04EC0-301F-11D3-BF4B-00C04F79EFBC}") = "Factorial de un numero", "Factorial de un numero\Factorial de un numero.csproj", "{154CF7AF-1431-49E5-AEF2-2CBE6F4D4566}"
EndProject
Global
	GlobalSection(SolutionConfigurationPlatforms) = preSolution
		Debug|Any CPU = Debug|Any CPU
		Release|Any CPU = Release|Any CPU
	EndGlobalSection
	GlobalSection(ProjectConfigurationPlatforms) = postSolution
		{154CF7AF-1431-49E5-AEF2-2CBE6F4D4566}.Debug|Any CPU.ActiveCfg = Debug|Any CPU
		{154CF7AF-1431-49E5-AEF2-2CBE6F4D4566}.Debug|Any CPU.Build.0 = Debug|Any CPU
		{154CF7AF-1431-49E5-AEF2-2CBE6F4D4566}.Release|Any CPU.ActiveCfg = Release|Any CPU
		{154CF7AF-1431-49E5-AEF2-2CBE6F4D4566}.Release|Any CPU.Build.0 = Release|Any CPU
	EndGlobalSection
	GlobalSection(SolutionProperties) = preSolution
		HideSolutionNode = FALSE
	EndGlobalSection
	GlobalSection(ExtensibilityGlobals) = postSolution
		SolutionGuid = {34E9775E-FF30-467C-89C1-C53C80658439}
	EndGlobalSection
EndGlobal
